{
  "requires": true,
  "lockfileVersion": 1,
  "dependencies": {
    "react-floating-input": {
      "version": "2.1.10",
      "resolved": "https://registry.npmjs.org/react-floating-input/-/react-floating-input-2.1.10.tgz",
      "integrity": "sha512-+Fee/uA3MKX+M/roU70Sdk5MkhpuzrFpQD7cCdpdvvroDWs8bj1Cfs0BfoSnhbMpmuoOhdB56kNThw1h8Bge6Q=="
    }
  }
}
